
Microsoft Visual Studio Solution File, Format Version 12.00
# Visual Studio 15
VisualStudioVersion = 15.0.28010.2036
MinimumVisualStudioVersion = 10.0.40219.1
Project("{FAE04EC0-301F-11D3-BF4B-00C04F79EFBC}") = "Discord Account Creator", "Discord Account Creator\Discord Account Creator.csproj", "{512442F9-E72D-4A09-BC30-E89F1E823D77}"
EndProject
Global
	GlobalSection(SolutionConfigurationPlatforms) = preSolution
		Debug|Any CPU = Debug|Any CPU
		Release|Any CPU = Release|Any CPU
	EndGlobalSection
	GlobalSection(ProjectConfigurationPlatforms) = postSolution
		{512442F9-E72D-4A09-BC30-E89F1E823D77}.Debug|Any CPU.ActiveCfg = Debug|Any CPU
		{512442F9-E72D-4A09-BC30-E89F1E823D77}.Debug|Any CPU.Build.0 = Debug|Any CPU
		{512442F9-E72D-4A09-BC30-E89F1E823D77}.Release|Any CPU.ActiveCfg = Release|Any CPU
		{512442F9-E72D-4A09-BC30-E89F1E823D77}.Release|Any CPU.Build.0 = Release|Any CPU
	EndGlobalSection
	GlobalSection(SolutionProperties) = preSolution
		HideSolutionNode = FALSE
	EndGlobalSection
	GlobalSection(ExtensibilityGlobals) = postSolution
		SolutionGuid = {914190F0-1643-412B-9184-69A7F639290B}
	EndGlobalSection
EndGlobal
